
Microsoft Visual Studio Solution File, Format Version 12.00
# Visual Studio 15
VisualStudioVersion = 15.0.27004.2006
MinimumVisualStudioVersion = 10.0.40219.1
Project("{FAE04EC0-301F-11D3-BF4B-00C04F79EFBC}") = "AdjacentElementsProduct", "AdjacentElementsProduct\AdjacentElementsProduct.csproj", "{7F24D638-74C4-43B2-A9F2-F7B4EF346E57}"
EndProject
Project("{FAE04EC0-301F-11D3-BF4B-00C04F79EFBC}") = "ShapeArea", "ShapeArea\ShapeArea.csproj", "{B0677906-E47F-405F-9C1E-9220F7E84E80}"
EndProject
Project("{FAE04EC0-301F-11D3-BF4B-00C04F79EFBC}") = "makeArrayConsecutive2", "makeArrayConsecutive2\makeArrayConsecutive2.csproj", "{E725A6A3-B799-457F-9016-26DB89B80548}"
EndProject
Project("{FAE04EC0-301F-11D3-BF4B-00C04F79EFBC}") = "almostIncreasingSequence", "almostIncreasingSequence\almostIncreasingSequence.csproj", "{4DBEDA9B-417B-446C-B23E-474BE5A6EEDB}"
EndProject
Project("{FAE04EC0-301F-11D3-BF4B-00C04F79EFBC}") = "matrixElementsSum", "matrixElementsSum\matrixElementsSum.csproj", "{3BC45278-35C0-437E-8727-DEDAB5175B72}"
EndProject
Project("{FAE04EC0-301F-11D3-BF4B-00C04F79EFBC}") = "allLongestStrings", "allLongestStrings\allLongestStrings.csproj", "{AF038008-A03F-46E6-AB5F-9FC29C8EEF63}"
EndProject
Project("{FAE04EC0-301F-11D3-BF4B-00C04F79EFBC}") = "commonCharacterCount", "commonCharacterCount\commonCharacterCount.csproj", "{734FA95E-FC8B-4FE7-96F1-75AA74DE9B5B}"
EndProject
Project("{FAE04EC0-301F-11D3-BF4B-00C04F79EFBC}") = "isLucky", "isLucky\isLucky.csproj", "{04A24BA4-AE55-45E3-AC3F-F51FB9ED2AA9}"
EndProject
Project("{FAE04EC0-301F-11D3-BF4B-00C04F79EFBC}") = "sortByHeight", "sortByHeight\sortByHeight.csproj", "{D4F12705-CBCD-458F-A68A-75912F0FA062}"
EndProject
Project("{FAE04EC0-301F-11D3-BF4B-00C04F79EFBC}") = "reverseParentheses", "reverseParentheses\reverseParentheses.csproj", "{C0F59EFB-3A44-48B2-B703-76A23AAC2B17}"
EndProject
Global
	GlobalSection(SolutionConfigurationPlatforms) = preSolution
		Debug|Any CPU = Debug|Any CPU
		Release|Any CPU = Release|Any CPU
	EndGlobalSection
	GlobalSection(ProjectConfigurationPlatforms) = postSolution
		{7F24D638-74C4-43B2-A9F2-F7B4EF346E57}.Debug|Any CPU.ActiveCfg = Debug|Any CPU
		{7F24D638-74C4-43B2-A9F2-F7B4EF346E57}.Debug|Any CPU.Build.0 = Debug|Any CPU
		{7F24D638-74C4-43B2-A9F2-F7B4EF346E57}.Release|Any CPU.ActiveCfg = Release|Any CPU
		{7F24D638-74C4-43B2-A9F2-F7B4EF346E57}.Release|Any CPU.Build.0 = Release|Any CPU
		{B0677906-E47F-405F-9C1E-9220F7E84E80}.Debug|Any CPU.ActiveCfg = Debug|Any CPU
		{B0677906-E47F-405F-9C1E-9220F7E84E80}.Debug|Any CPU.Build.0 = Debug|Any CPU
		{B0677906-E47F-405F-9C1E-9220F7E84E80}.Release|Any CPU.ActiveCfg = Release|Any CPU
		{B0677906-E47F-405F-9C1E-9220F7E84E80}.Release|Any CPU.Build.0 = Release|Any CPU
		{E725A6A3-B799-457F-9016-26DB89B80548}.Debug|Any CPU.ActiveCfg = Debug|Any CPU
		{E725A6A3-B799-457F-9016-26DB89B80548}.Debug|Any CPU.Build.0 = Debug|Any CPU
		{E725A6A3-B799-457F-9016-26DB89B80548}.Release|Any CPU.ActiveCfg = Release|Any CPU
		{E725A6A3-B799-457F-9016-26DB89B80548}.Release|Any CPU.Build.0 = Release|Any CPU
		{4DBEDA9B-417B-446C-B23E-474BE5A6EEDB}.Debug|Any CPU.ActiveCfg = Debug|Any CPU
		{4DBEDA9B-417B-446C-B23E-474BE5A6EEDB}.Debug|Any CPU.Build.0 = Debug|Any CPU
		{4DBEDA9B-417B-446C-B23E-474BE5A6EEDB}.Release|Any CPU.ActiveCfg = Release|Any CPU
		{4DBEDA9B-417B-446C-B23E-474BE5A6EEDB}.Release|Any CPU.Build.0 = Release|Any CPU
		{3BC45278-35C0-437E-8727-DEDAB5175B72}.Debug|Any CPU.ActiveCfg = Debug|Any CPU
		{3BC45278-35C0-437E-8727-DEDAB5175B72}.Debug|Any CPU.Build.0 = Debug|Any CPU
		{3BC45278-35C0-437E-8727-DEDAB5175B72}.Release|Any CPU.ActiveCfg = Release|Any CPU
		{3BC45278-35C0-437E-8727-DEDAB5175B72}.Release|Any CPU.Build.0 = Release|Any CPU
		{AF038008-A03F-46E6-AB5F-9FC29C8EEF63}.Debug|Any CPU.ActiveCfg = Debug|Any CPU
		{AF038008-A03F-46E6-AB5F-9FC29C8EEF63}.Debug|Any CPU.Build.0 = Debug|Any CPU
		{AF038008-A03F-46E6-AB5F-9FC29C8EEF63}.Release|Any CPU.ActiveCfg = Release|Any CPU
		{AF038008-A03F-46E6-AB5F-9FC29C8EEF63}.Release|Any CPU.Build.0 = Release|Any CPU
		{734FA95E-FC8B-4FE7-96F1-75AA74DE9B5B}.Debug|Any CPU.ActiveCfg = Debug|Any CPU
		{734FA95E-FC8B-4FE7-96F1-75AA74DE9B5B}.Debug|Any CPU.Build.0 = Debug|Any CPU
		{734FA95E-FC8B-4FE7-96F1-75AA74DE9B5B}.Release|Any CPU.ActiveCfg = Release|Any CPU
		{734FA95E-FC8B-4FE7-96F1-75AA74DE9B5B}.Release|Any CPU.Build.0 = Release|Any CPU
		{04A24BA4-AE55-45E3-AC3F-F51FB9ED2AA9}.Debug|Any CPU.ActiveCfg = Debug|Any CPU
		{04A24BA4-AE55-45E3-AC3F-F51FB9ED2AA9}.Debug|Any CPU.Build.0 = Debug|Any CPU
		{04A24BA4-AE55-45E3-AC3F-F51FB9ED2AA9}.Release|Any CPU.ActiveCfg = Release|Any CPU
		{04A24BA4-AE55-45E3-AC3F-F51FB9ED2AA9}.Release|Any CPU.Build.0 = Release|Any CPU
		{D4F12705-CBCD-458F-A68A-75912F0FA062}.Debug|Any CPU.ActiveCfg = Debug|Any CPU
		{D4F12705-CBCD-458F-A68A-75912F0FA062}.Debug|Any CPU.Build.0 = Debug|Any CPU
		{D4F12705-CBCD-458F-A68A-75912F0FA062}.Release|Any CPU.ActiveCfg = Release|Any CPU
		{D4F12705-CBCD-458F-A68A-75912F0FA062}.Release|Any CPU.Build.0 = Release|Any CPU
		{C0F59EFB-3A44-48B2-B703-76A23AAC2B17}.Debug|Any CPU.ActiveCfg = Debug|Any CPU
		{C0F59EFB-3A44-48B2-B703-76A23AAC2B17}.Debug|Any CPU.Build.0 = Debug|Any CPU
		{C0F59EFB-3A44-48B2-B703-76A23AAC2B17}.Release|Any CPU.ActiveCfg = Release|Any CPU
		{C0F59EFB-3A44-48B2-B703-76A23AAC2B17}.Release|Any CPU.Build.0 = Release|Any CPU
	EndGlobalSection
	GlobalSection(SolutionProperties) = preSolution
		HideSolutionNode = FALSE
	EndGlobalSection
	GlobalSection(ExtensibilityGlobals) = postSolution
		SolutionGuid = {1823F975-3C4D-4786-B0E9-2572AA43D6EB}
	EndGlobalSection
EndGlobal
