
Microsoft Visual Studio Solution File, Format Version 12.00
# Visual Studio 15
VisualStudioVersion = 15.0.27130.2026
MinimumVisualStudioVersion = 10.0.40219.1
Project("{FAE04EC0-301F-11D3-BF4B-00C04F79EFBC}") = "AdjacentElementsProduct", "AdjacentElementsProduct\AdjacentElementsProduct.csproj", "{7F24D638-74C4-43B2-A9F2-F7B4EF346E57}"
EndProject
Project("{FAE04EC0-301F-11D3-BF4B-00C04F79EFBC}") = "ShapeArea", "ShapeArea\ShapeArea.csproj", "{B0677906-E47F-405F-9C1E-9220F7E84E80}"
EndProject
Project("{FAE04EC0-301F-11D3-BF4B-00C04F79EFBC}") = "makeArrayConsecutive2", "makeArrayConsecutive2\makeArrayConsecutive2.csproj", "{E725A6A3-B799-457F-9016-26DB89B80548}"
EndProject
Project("{FAE04EC0-301F-11D3-BF4B-00C04F79EFBC}") = "almostIncreasingSequence", "almostIncreasingSequence\almostIncreasingSequence.csproj", "{4DBEDA9B-417B-446C-B23E-474BE5A6EEDB}"
EndProject
Project("{FAE04EC0-301F-11D3-BF4B-00C04F79EFBC}") = "matrixElementsSum", "matrixElementsSum\matrixElementsSum.csproj", "{3BC45278-35C0-437E-8727-DEDAB5175B72}"
EndProject
Project("{FAE04EC0-301F-11D3-BF4B-00C04F79EFBC}") = "allLongestStrings", "allLongestStrings\allLongestStrings.csproj", "{AF038008-A03F-46E6-AB5F-9FC29C8EEF63}"
EndProject
Project("{FAE04EC0-301F-11D3-BF4B-00C04F79EFBC}") = "commonCharacterCount", "commonCharacterCount\commonCharacterCount.csproj", "{734FA95E-FC8B-4FE7-96F1-75AA74DE9B5B}"
EndProject
Project("{FAE04EC0-301F-11D3-BF4B-00C04F79EFBC}") = "isLucky", "isLucky\isLucky.csproj", "{04A24BA4-AE55-45E3-AC3F-F51FB9ED2AA9}"
EndProject
Project("{FAE04EC0-301F-11D3-BF4B-00C04F79EFBC}") = "sortByHeight", "sortByHeight\sortByHeight.csproj", "{D4F12705-CBCD-458F-A68A-75912F0FA062}"
EndProject
Project("{FAE04EC0-301F-11D3-BF4B-00C04F79EFBC}") = "reverseParentheses", "reverseParentheses\reverseParentheses.csproj", "{C0F59EFB-3A44-48B2-B703-76A23AAC2B17}"
EndProject
Project("{FAE04EC0-301F-11D3-BF4B-00C04F79EFBC}") = "alternatingSums", "alternatingSums\alternatingSums.csproj", "{212CB8AE-0AE5-447D-A3F9-7A208AB6C7DD}"
EndProject
Project("{FAE04EC0-301F-11D3-BF4B-00C04F79EFBC}") = "addBorder", "addBorder\addBorder.csproj", "{7743C22D-DA06-46CC-B49B-4376A8B217BD}"
EndProject
Project("{FAE04EC0-301F-11D3-BF4B-00C04F79EFBC}") = "areSimilar", "areSimilar\areSimilar.csproj", "{2CF4E525-F054-43B2-98A0-7DAEE120296F}"
EndProject
Project("{FAE04EC0-301F-11D3-BF4B-00C04F79EFBC}") = "arrayChange", "arrayChange\arrayChange.csproj", "{BC663CE0-3B59-4816-8421-53F73C89BA86}"
EndProject
Project("{FAE04EC0-301F-11D3-BF4B-00C04F79EFBC}") = "palindromeRearranging", "palindromeRearranging\palindromeRearranging.csproj", "{A01BC067-803E-4F18-B3B9-F1309A87C6F6}"
EndProject
Project("{FAE04EC0-301F-11D3-BF4B-00C04F79EFBC}") = "areEquallyStrong", "areEquallyStrong\areEquallyStrong.csproj", "{022741FD-D85B-40E2-B238-E0D677BB29B3}"
EndProject
Project("{FAE04EC0-301F-11D3-BF4B-00C04F79EFBC}") = "arrayMaximalAdjacentDifference", "arrayMaximalAdjacentDifference\arrayMaximalAdjacentDifference.csproj", "{0D1B5F54-8050-4DEA-91B3-0E14A04DDA7C}"
EndProject
Project("{FAE04EC0-301F-11D3-BF4B-00C04F79EFBC}") = "isIPv4Address", "isIPv4Address\isIPv4Address.csproj", "{46B46197-9651-46A3-867E-DBE77A070F90}"
EndProject
Project("{FAE04EC0-301F-11D3-BF4B-00C04F79EFBC}") = "avoidObstacles", "avoidObstacles\avoidObstacles.csproj", "{E4C1DA66-B956-4E18-A5BE-F4A26FD82098}"
EndProject
Project("{FAE04EC0-301F-11D3-BF4B-00C04F79EFBC}") = "boxBlur", "boxBlur\boxBlur.csproj", "{C90E6A37-F5D4-49B3-8407-E9580D22E46B}"
EndProject
Project("{FAE04EC0-301F-11D3-BF4B-00C04F79EFBC}") = "Minesweeper", "Minesweeper\Minesweeper.csproj", "{0AD0E541-DF93-429F-A2CF-D9615D9B222F}"
EndProject
Project("{FAE04EC0-301F-11D3-BF4B-00C04F79EFBC}") = "variableName", "variableName\variableName.csproj", "{978F00CB-858E-4B7B-8446-71547BF7B179}"
EndProject
Project("{FAE04EC0-301F-11D3-BF4B-00C04F79EFBC}") = "chessBoardCellColor", "chessBoardCellColor\chessBoardCellColor.csproj", "{FD7B2C3E-4CF9-4274-B7E9-99200A944043}"
EndProject
Project("{FAE04EC0-301F-11D3-BF4B-00C04F79EFBC}") = "ThroughTheFog30_33", "ThroughTheFog30_33\ThroughTheFog30_33.csproj", "{64FB03E0-8B51-4F91-B558-C8F6E1948E14}"
EndProject
Project("{FAE04EC0-301F-11D3-BF4B-00C04F79EFBC}") = "Diving_Deeper34-37", "Diving_Deeper34-37\Diving_Deeper34-37.csproj", "{09D4F266-89E8-43DB-8B2C-19D91B4AFDA4}"
EndProject
Project("{FAE04EC0-301F-11D3-BF4B-00C04F79EFBC}") = "38-51", "38-48\38-51.csproj", "{C2062B49-B68A-4EB8-974E-6A80BFE20834}"
EndProject
Project("{FAE04EC0-301F-11D3-BF4B-00C04F79EFBC}") = "Land of Logic 52-60", "Land of Logic 52-60\Land of Logic 52-60.csproj", "{8600EA98-B540-4EF6-8113-006DA2FDDE32}"
EndProject
Global
	GlobalSection(SolutionConfigurationPlatforms) = preSolution
		Debug|Any CPU = Debug|Any CPU
		Release|Any CPU = Release|Any CPU
	EndGlobalSection
	GlobalSection(ProjectConfigurationPlatforms) = postSolution
		{7F24D638-74C4-43B2-A9F2-F7B4EF346E57}.Debug|Any CPU.ActiveCfg = Debug|Any CPU
		{7F24D638-74C4-43B2-A9F2-F7B4EF346E57}.Debug|Any CPU.Build.0 = Debug|Any CPU
		{7F24D638-74C4-43B2-A9F2-F7B4EF346E57}.Release|Any CPU.ActiveCfg = Release|Any CPU
		{7F24D638-74C4-43B2-A9F2-F7B4EF346E57}.Release|Any CPU.Build.0 = Release|Any CPU
		{B0677906-E47F-405F-9C1E-9220F7E84E80}.Debug|Any CPU.ActiveCfg = Debug|Any CPU
		{B0677906-E47F-405F-9C1E-9220F7E84E80}.Debug|Any CPU.Build.0 = Debug|Any CPU
		{B0677906-E47F-405F-9C1E-9220F7E84E80}.Release|Any CPU.ActiveCfg = Release|Any CPU
		{B0677906-E47F-405F-9C1E-9220F7E84E80}.Release|Any CPU.Build.0 = Release|Any CPU
		{E725A6A3-B799-457F-9016-26DB89B80548}.Debug|Any CPU.ActiveCfg = Debug|Any CPU
		{E725A6A3-B799-457F-9016-26DB89B80548}.Debug|Any CPU.Build.0 = Debug|Any CPU
		{E725A6A3-B799-457F-9016-26DB89B80548}.Release|Any CPU.ActiveCfg = Release|Any CPU
		{E725A6A3-B799-457F-9016-26DB89B80548}.Release|Any CPU.Build.0 = Release|Any CPU
		{4DBEDA9B-417B-446C-B23E-474BE5A6EEDB}.Debug|Any CPU.ActiveCfg = Debug|Any CPU
		{4DBEDA9B-417B-446C-B23E-474BE5A6EEDB}.Debug|Any CPU.Build.0 = Debug|Any CPU
		{4DBEDA9B-417B-446C-B23E-474BE5A6EEDB}.Release|Any CPU.ActiveCfg = Release|Any CPU
		{4DBEDA9B-417B-446C-B23E-474BE5A6EEDB}.Release|Any CPU.Build.0 = Release|Any CPU
		{3BC45278-35C0-437E-8727-DEDAB5175B72}.Debug|Any CPU.ActiveCfg = Debug|Any CPU
		{3BC45278-35C0-437E-8727-DEDAB5175B72}.Debug|Any CPU.Build.0 = Debug|Any CPU
		{3BC45278-35C0-437E-8727-DEDAB5175B72}.Release|Any CPU.ActiveCfg = Release|Any CPU
		{3BC45278-35C0-437E-8727-DEDAB5175B72}.Release|Any CPU.Build.0 = Release|Any CPU
		{AF038008-A03F-46E6-AB5F-9FC29C8EEF63}.Debug|Any CPU.ActiveCfg = Debug|Any CPU
		{AF038008-A03F-46E6-AB5F-9FC29C8EEF63}.Debug|Any CPU.Build.0 = Debug|Any CPU
		{AF038008-A03F-46E6-AB5F-9FC29C8EEF63}.Release|Any CPU.ActiveCfg = Release|Any CPU
		{AF038008-A03F-46E6-AB5F-9FC29C8EEF63}.Release|Any CPU.Build.0 = Release|Any CPU
		{734FA95E-FC8B-4FE7-96F1-75AA74DE9B5B}.Debug|Any CPU.ActiveCfg = Debug|Any CPU
		{734FA95E-FC8B-4FE7-96F1-75AA74DE9B5B}.Debug|Any CPU.Build.0 = Debug|Any CPU
		{734FA95E-FC8B-4FE7-96F1-75AA74DE9B5B}.Release|Any CPU.ActiveCfg = Release|Any CPU
		{734FA95E-FC8B-4FE7-96F1-75AA74DE9B5B}.Release|Any CPU.Build.0 = Release|Any CPU
		{04A24BA4-AE55-45E3-AC3F-F51FB9ED2AA9}.Debug|Any CPU.ActiveCfg = Debug|Any CPU
		{04A24BA4-AE55-45E3-AC3F-F51FB9ED2AA9}.Debug|Any CPU.Build.0 = Debug|Any CPU
		{04A24BA4-AE55-45E3-AC3F-F51FB9ED2AA9}.Release|Any CPU.ActiveCfg = Release|Any CPU
		{04A24BA4-AE55-45E3-AC3F-F51FB9ED2AA9}.Release|Any CPU.Build.0 = Release|Any CPU
		{D4F12705-CBCD-458F-A68A-75912F0FA062}.Debug|Any CPU.ActiveCfg = Debug|Any CPU
		{D4F12705-CBCD-458F-A68A-75912F0FA062}.Debug|Any CPU.Build.0 = Debug|Any CPU
		{D4F12705-CBCD-458F-A68A-75912F0FA062}.Release|Any CPU.ActiveCfg = Release|Any CPU
		{D4F12705-CBCD-458F-A68A-75912F0FA062}.Release|Any CPU.Build.0 = Release|Any CPU
		{C0F59EFB-3A44-48B2-B703-76A23AAC2B17}.Debug|Any CPU.ActiveCfg = Debug|Any CPU
		{C0F59EFB-3A44-48B2-B703-76A23AAC2B17}.Debug|Any CPU.Build.0 = Debug|Any CPU
		{C0F59EFB-3A44-48B2-B703-76A23AAC2B17}.Release|Any CPU.ActiveCfg = Release|Any CPU
		{C0F59EFB-3A44-48B2-B703-76A23AAC2B17}.Release|Any CPU.Build.0 = Release|Any CPU
		{212CB8AE-0AE5-447D-A3F9-7A208AB6C7DD}.Debug|Any CPU.ActiveCfg = Debug|Any CPU
		{212CB8AE-0AE5-447D-A3F9-7A208AB6C7DD}.Debug|Any CPU.Build.0 = Debug|Any CPU
		{212CB8AE-0AE5-447D-A3F9-7A208AB6C7DD}.Release|Any CPU.ActiveCfg = Release|Any CPU
		{212CB8AE-0AE5-447D-A3F9-7A208AB6C7DD}.Release|Any CPU.Build.0 = Release|Any CPU
		{7743C22D-DA06-46CC-B49B-4376A8B217BD}.Debug|Any CPU.ActiveCfg = Debug|Any CPU
		{7743C22D-DA06-46CC-B49B-4376A8B217BD}.Debug|Any CPU.Build.0 = Debug|Any CPU
		{7743C22D-DA06-46CC-B49B-4376A8B217BD}.Release|Any CPU.ActiveCfg = Release|Any CPU
		{7743C22D-DA06-46CC-B49B-4376A8B217BD}.Release|Any CPU.Build.0 = Release|Any CPU
		{2CF4E525-F054-43B2-98A0-7DAEE120296F}.Debug|Any CPU.ActiveCfg = Debug|Any CPU
		{2CF4E525-F054-43B2-98A0-7DAEE120296F}.Debug|Any CPU.Build.0 = Debug|Any CPU
		{2CF4E525-F054-43B2-98A0-7DAEE120296F}.Release|Any CPU.ActiveCfg = Release|Any CPU
		{2CF4E525-F054-43B2-98A0-7DAEE120296F}.Release|Any CPU.Build.0 = Release|Any CPU
		{BC663CE0-3B59-4816-8421-53F73C89BA86}.Debug|Any CPU.ActiveCfg = Debug|Any CPU
		{BC663CE0-3B59-4816-8421-53F73C89BA86}.Debug|Any CPU.Build.0 = Debug|Any CPU
		{BC663CE0-3B59-4816-8421-53F73C89BA86}.Release|Any CPU.ActiveCfg = Release|Any CPU
		{BC663CE0-3B59-4816-8421-53F73C89BA86}.Release|Any CPU.Build.0 = Release|Any CPU
		{A01BC067-803E-4F18-B3B9-F1309A87C6F6}.Debug|Any CPU.ActiveCfg = Debug|Any CPU
		{A01BC067-803E-4F18-B3B9-F1309A87C6F6}.Debug|Any CPU.Build.0 = Debug|Any CPU
		{A01BC067-803E-4F18-B3B9-F1309A87C6F6}.Release|Any CPU.ActiveCfg = Release|Any CPU
		{A01BC067-803E-4F18-B3B9-F1309A87C6F6}.Release|Any CPU.Build.0 = Release|Any CPU
		{022741FD-D85B-40E2-B238-E0D677BB29B3}.Debug|Any CPU.ActiveCfg = Debug|Any CPU
		{022741FD-D85B-40E2-B238-E0D677BB29B3}.Debug|Any CPU.Build.0 = Debug|Any CPU
		{022741FD-D85B-40E2-B238-E0D677BB29B3}.Release|Any CPU.ActiveCfg = Release|Any CPU
		{022741FD-D85B-40E2-B238-E0D677BB29B3}.Release|Any CPU.Build.0 = Release|Any CPU
		{0D1B5F54-8050-4DEA-91B3-0E14A04DDA7C}.Debug|Any CPU.ActiveCfg = Debug|Any CPU
		{0D1B5F54-8050-4DEA-91B3-0E14A04DDA7C}.Debug|Any CPU.Build.0 = Debug|Any CPU
		{0D1B5F54-8050-4DEA-91B3-0E14A04DDA7C}.Release|Any CPU.ActiveCfg = Release|Any CPU
		{0D1B5F54-8050-4DEA-91B3-0E14A04DDA7C}.Release|Any CPU.Build.0 = Release|Any CPU
		{46B46197-9651-46A3-867E-DBE77A070F90}.Debug|Any CPU.ActiveCfg = Debug|Any CPU
		{46B46197-9651-46A3-867E-DBE77A070F90}.Debug|Any CPU.Build.0 = Debug|Any CPU
		{46B46197-9651-46A3-867E-DBE77A070F90}.Release|Any CPU.ActiveCfg = Release|Any CPU
		{46B46197-9651-46A3-867E-DBE77A070F90}.Release|Any CPU.Build.0 = Release|Any CPU
		{E4C1DA66-B956-4E18-A5BE-F4A26FD82098}.Debug|Any CPU.ActiveCfg = Debug|Any CPU
		{E4C1DA66-B956-4E18-A5BE-F4A26FD82098}.Debug|Any CPU.Build.0 = Debug|Any CPU
		{E4C1DA66-B956-4E18-A5BE-F4A26FD82098}.Release|Any CPU.ActiveCfg = Release|Any CPU
		{E4C1DA66-B956-4E18-A5BE-F4A26FD82098}.Release|Any CPU.Build.0 = Release|Any CPU
		{C90E6A37-F5D4-49B3-8407-E9580D22E46B}.Debug|Any CPU.ActiveCfg = Debug|Any CPU
		{C90E6A37-F5D4-49B3-8407-E9580D22E46B}.Debug|Any CPU.Build.0 = Debug|Any CPU
		{C90E6A37-F5D4-49B3-8407-E9580D22E46B}.Release|Any CPU.ActiveCfg = Release|Any CPU
		{C90E6A37-F5D4-49B3-8407-E9580D22E46B}.Release|Any CPU.Build.0 = Release|Any CPU
		{0AD0E541-DF93-429F-A2CF-D9615D9B222F}.Debug|Any CPU.ActiveCfg = Debug|Any CPU
		{0AD0E541-DF93-429F-A2CF-D9615D9B222F}.Debug|Any CPU.Build.0 = Debug|Any CPU
		{0AD0E541-DF93-429F-A2CF-D9615D9B222F}.Release|Any CPU.ActiveCfg = Release|Any CPU
		{0AD0E541-DF93-429F-A2CF-D9615D9B222F}.Release|Any CPU.Build.0 = Release|Any CPU
		{978F00CB-858E-4B7B-8446-71547BF7B179}.Debug|Any CPU.ActiveCfg = Debug|Any CPU
		{978F00CB-858E-4B7B-8446-71547BF7B179}.Debug|Any CPU.Build.0 = Debug|Any CPU
		{978F00CB-858E-4B7B-8446-71547BF7B179}.Release|Any CPU.ActiveCfg = Release|Any CPU
		{978F00CB-858E-4B7B-8446-71547BF7B179}.Release|Any CPU.Build.0 = Release|Any CPU
		{FD7B2C3E-4CF9-4274-B7E9-99200A944043}.Debug|Any CPU.ActiveCfg = Debug|Any CPU
		{FD7B2C3E-4CF9-4274-B7E9-99200A944043}.Debug|Any CPU.Build.0 = Debug|Any CPU
		{FD7B2C3E-4CF9-4274-B7E9-99200A944043}.Release|Any CPU.ActiveCfg = Release|Any CPU
		{FD7B2C3E-4CF9-4274-B7E9-99200A944043}.Release|Any CPU.Build.0 = Release|Any CPU
		{64FB03E0-8B51-4F91-B558-C8F6E1948E14}.Debug|Any CPU.ActiveCfg = Debug|Any CPU
		{64FB03E0-8B51-4F91-B558-C8F6E1948E14}.Debug|Any CPU.Build.0 = Debug|Any CPU
		{64FB03E0-8B51-4F91-B558-C8F6E1948E14}.Release|Any CPU.ActiveCfg = Release|Any CPU
		{64FB03E0-8B51-4F91-B558-C8F6E1948E14}.Release|Any CPU.Build.0 = Release|Any CPU
		{09D4F266-89E8-43DB-8B2C-19D91B4AFDA4}.Debug|Any CPU.ActiveCfg = Debug|Any CPU
		{09D4F266-89E8-43DB-8B2C-19D91B4AFDA4}.Debug|Any CPU.Build.0 = Debug|Any CPU
		{09D4F266-89E8-43DB-8B2C-19D91B4AFDA4}.Release|Any CPU.ActiveCfg = Release|Any CPU
		{09D4F266-89E8-43DB-8B2C-19D91B4AFDA4}.Release|Any CPU.Build.0 = Release|Any CPU
		{C2062B49-B68A-4EB8-974E-6A80BFE20834}.Debug|Any CPU.ActiveCfg = Debug|Any CPU
		{C2062B49-B68A-4EB8-974E-6A80BFE20834}.Debug|Any CPU.Build.0 = Debug|Any CPU
		{C2062B49-B68A-4EB8-974E-6A80BFE20834}.Release|Any CPU.ActiveCfg = Release|Any CPU
		{C2062B49-B68A-4EB8-974E-6A80BFE20834}.Release|Any CPU.Build.0 = Release|Any CPU
		{8600EA98-B540-4EF6-8113-006DA2FDDE32}.Debug|Any CPU.ActiveCfg = Debug|Any CPU
		{8600EA98-B540-4EF6-8113-006DA2FDDE32}.Debug|Any CPU.Build.0 = Debug|Any CPU
		{8600EA98-B540-4EF6-8113-006DA2FDDE32}.Release|Any CPU.ActiveCfg = Release|Any CPU
		{8600EA98-B540-4EF6-8113-006DA2FDDE32}.Release|Any CPU.Build.0 = Release|Any CPU
	EndGlobalSection
	GlobalSection(SolutionProperties) = preSolution
		HideSolutionNode = FALSE
	EndGlobalSection
	GlobalSection(ExtensibilityGlobals) = postSolution
		SolutionGuid = {1823F975-3C4D-4786-B0E9-2572AA43D6EB}
	EndGlobalSection
EndGlobal
